// !$*UTF8*$!
{
	archiveVersion = 1;
	classes = {
	};
	objectVersion = 55;
	objects = {

/* Begin PBXBuildFile section */
		893F4A04290158B40091AF94 /* CoinModel.swift in Sources */ = {isa = PBXBuildFile; fileRef = 893F4A03290158B40091AF94 /* CoinModel.swift */; };
		893F4A06290164140091AF94 /* CoinRowView.swift in Sources */ = {isa = PBXBuildFile; fileRef = 893F4A05290164140091AF94 /* CoinRowView.swift */; };
		893F4A082901649A0091AF94 /* PreviewProvider.swift in Sources */ = {isa = PBXBuildFile; fileRef = 893F4A072901649A0091AF94 /* PreviewProvider.swift */; };
		893F4A0A290167550091AF94 /* Double.swift in Sources */ = {isa = PBXBuildFile; fileRef = 893F4A09290167550091AF94 /* Double.swift */; };
		893F4A0C2901748E0091AF94 /* HomeViewModel.swift in Sources */ = {isa = PBXBuildFile; fileRef = 893F4A0B2901748E0091AF94 /* HomeViewModel.swift */; };
		893F4A0F29017CB30091AF94 /* CoinDataService.swift in Sources */ = {isa = PBXBuildFile; fileRef = 893F4A0E29017CB30091AF94 /* CoinDataService.swift */; };
		893F4A122901924F0091AF94 /* NetworkingManager.swift in Sources */ = {isa = PBXBuildFile; fileRef = 893F4A112901924F0091AF94 /* NetworkingManager.swift */; };
		89710C4329008D1B0067FF66 /* CryptoCoinApp.swift in Sources */ = {isa = PBXBuildFile; fileRef = 89710C4229008D1B0067FF66 /* CryptoCoinApp.swift */; };
		89710C4529008D1B0067FF66 /* ContentView.swift in Sources */ = {isa = PBXBuildFile; fileRef = 89710C4429008D1B0067FF66 /* ContentView.swift */; };
		89710C4729008D1B0067FF66 /* Assets.xcassets in Resources */ = {isa = PBXBuildFile; fileRef = 89710C4629008D1B0067FF66 /* Assets.xcassets */; };
		89710C4A29008D1B0067FF66 /* Preview Assets.xcassets in Resources */ = {isa = PBXBuildFile; fileRef = 89710C4929008D1B0067FF66 /* Preview Assets.xcassets */; };
		89710C5229008FE90067FF66 /* Color.swift in Sources */ = {isa = PBXBuildFile; fileRef = 89710C5129008FE90067FF66 /* Color.swift */; };
		89710C58290094FB0067FF66 /* HomeView.swift in Sources */ = {isa = PBXBuildFile; fileRef = 89710C57290094FB0067FF66 /* HomeView.swift */; };
		89710C5C290096D50067FF66 /* CircleButtonView.swift in Sources */ = {isa = PBXBuildFile; fileRef = 89710C5B290096D50067FF66 /* CircleButtonView.swift */; };
		89710C5E29009AC20067FF66 /* CircleButtonAnimationView.swift in Sources */ = {isa = PBXBuildFile; fileRef = 89710C5D29009AC20067FF66 /* CircleButtonAnimationView.swift */; };
/* End PBXBuildFile section */

/* Begin PBXFileReference section */
		893F4A03290158B40091AF94 /* CoinModel.swift */ = {isa = PBXFileReference; lastKnownFileType = sourcecode.swift; path = CoinModel.swift; sourceTree = "<group>"; };
		893F4A05290164140091AF94 /* CoinRowView.swift */ = {isa = PBXFileReference; lastKnownFileType = sourcecode.swift; path = CoinRowView.swift; sourceTree = "<group>"; };
		893F4A072901649A0091AF94 /* PreviewProvider.swift */ = {isa = PBXFileReference; lastKnownFileType = sourcecode.swift; path = PreviewProvider.swift; sourceTree = "<group>"; };
		893F4A09290167550091AF94 /* Double.swift */ = {isa = PBXFileReference; lastKnownFileType = sourcecode.swift; path = Double.swift; sourceTree = "<group>"; };
		893F4A0B2901748E0091AF94 /* HomeViewModel.swift */ = {isa = PBXFileReference; lastKnownFileType = sourcecode.swift; path = HomeViewModel.swift; sourceTree = "<group>"; };
		893F4A0E29017CB30091AF94 /* CoinDataService.swift */ = {isa = PBXFileReference; lastKnownFileType = sourcecode.swift; path = CoinDataService.swift; sourceTree = "<group>"; };
		893F4A112901924F0091AF94 /* NetworkingManager.swift */ = {isa = PBXFileReference; lastKnownFileType = sourcecode.swift; path = NetworkingManager.swift; sourceTree = "<group>"; };
		89710C3F29008D1B0067FF66 /* CryptoCoin.app */ = {isa = PBXFileReference; explicitFileType = wrapper.application; includeInIndex = 0; path = CryptoCoin.app; sourceTree = BUILT_PRODUCTS_DIR; };
		89710C4229008D1B0067FF66 /* CryptoCoinApp.swift */ = {isa = PBXFileReference; lastKnownFileType = sourcecode.swift; path = CryptoCoinApp.swift; sourceTree = "<group>"; };
		89710C4429008D1B0067FF66 /* ContentView.swift */ = {isa = PBXFileReference; lastKnownFileType = sourcecode.swift; path = ContentView.swift; sourceTree = "<group>"; };
		89710C4629008D1B0067FF66 /* Assets.xcassets */ = {isa = PBXFileReference; lastKnownFileType = folder.assetcatalog; path = Assets.xcassets; sourceTree = "<group>"; };
		89710C4929008D1B0067FF66 /* Preview Assets.xcassets */ = {isa = PBXFileReference; lastKnownFileType = folder.assetcatalog; path = "Preview Assets.xcassets"; sourceTree = "<group>"; };
		89710C5129008FE90067FF66 /* Color.swift */ = {isa = PBXFileReference; lastKnownFileType = sourcecode.swift; path = Color.swift; sourceTree = "<group>"; };
		89710C57290094FB0067FF66 /* HomeView.swift */ = {isa = PBXFileReference; lastKnownFileType = sourcecode.swift; path = HomeView.swift; sourceTree = "<group>"; };
		89710C5B290096D50067FF66 /* CircleButtonView.swift */ = {isa = PBXFileReference; lastKnownFileType = sourcecode.swift; path = CircleButtonView.swift; sourceTree = "<group>"; };
		89710C5D29009AC20067FF66 /* CircleButtonAnimationView.swift */ = {isa = PBXFileReference; lastKnownFileType = sourcecode.swift; path = CircleButtonAnimationView.swift; sourceTree = "<group>"; };
/* End PBXFileReference section */

/* Begin PBXFrameworksBuildPhase section */
		89710C3C29008D1B0067FF66 /* Frameworks */ = {
			isa = PBXFrameworksBuildPhase;
			buildActionMask = 2147483647;
			files = (
			);
			runOnlyForDeploymentPostprocessing = 0;
		};
/* End PBXFrameworksBuildPhase section */

/* Begin PBXGroup section */
		893F4A02290158A00091AF94 /* Models */ = {
			isa = PBXGroup;
			children = (
				893F4A03290158B40091AF94 /* CoinModel.swift */,
			);
			path = Models;
			sourceTree = "<group>";
		};
		893F4A0D29017C860091AF94 /* Services */ = {
			isa = PBXGroup;
			children = (
				893F4A0E29017CB30091AF94 /* CoinDataService.swift */,
			);
			path = Services;
			sourceTree = "<group>";
		};
		893F4A102901923E0091AF94 /* Utilities */ = {
			isa = PBXGroup;
			children = (
				893F4A112901924F0091AF94 /* NetworkingManager.swift */,
			);
			path = Utilities;
			sourceTree = "<group>";
		};
		89710C3629008D1A0067FF66 = {
			isa = PBXGroup;
			children = (
				89710C4129008D1B0067FF66 /* CryptoCoin */,
				89710C4029008D1B0067FF66 /* Products */,
			);
			sourceTree = "<group>";
		};
		89710C4029008D1B0067FF66 /* Products */ = {
			isa = PBXGroup;
			children = (
				89710C3F29008D1B0067FF66 /* CryptoCoin.app */,
			);
			name = Products;
			sourceTree = "<group>";
		};
		89710C4129008D1B0067FF66 /* CryptoCoin */ = {
			isa = PBXGroup;
			children = (
				893F4A102901923E0091AF94 /* Utilities */,
				893F4A0D29017C860091AF94 /* Services */,
				893F4A02290158A00091AF94 /* Models */,
				89710C53290094DC0067FF66 /* Core */,
				89710C5029008FD90067FF66 /* Extensions */,
				89710C4229008D1B0067FF66 /* CryptoCoinApp.swift */,
				89710C4429008D1B0067FF66 /* ContentView.swift */,
				89710C4629008D1B0067FF66 /* Assets.xcassets */,
				89710C4829008D1B0067FF66 /* Preview Content */,
			);
			path = CryptoCoin;
			sourceTree = "<group>";
		};
		89710C4829008D1B0067FF66 /* Preview Content */ = {
			isa = PBXGroup;
			children = (
				89710C4929008D1B0067FF66 /* Preview Assets.xcassets */,
			);
			path = "Preview Content";
			sourceTree = "<group>";
		};
		89710C5029008FD90067FF66 /* Extensions */ = {
			isa = PBXGroup;
			children = (
				89710C5129008FE90067FF66 /* Color.swift */,
				893F4A072901649A0091AF94 /* PreviewProvider.swift */,
				893F4A09290167550091AF94 /* Double.swift */,
			);
			path = Extensions;
			sourceTree = "<group>";
		};
		89710C53290094DC0067FF66 /* Core */ = {
			isa = PBXGroup;
			children = (
				89710C59290096AC0067FF66 /* Components */,
				89710C54290094E20067FF66 /* Home */,
			);
			path = Core;
			sourceTree = "<group>";
		};
		89710C54290094E20067FF66 /* Home */ = {
			isa = PBXGroup;
			children = (
				89710C56290094ED0067FF66 /* ViewModels */,
				89710C55290094E70067FF66 /* Views */,
			);
			path = Home;
			sourceTree = "<group>";
		};
		89710C55290094E70067FF66 /* Views */ = {
			isa = PBXGroup;
			children = (
				89710C57290094FB0067FF66 /* HomeView.swift */,
				893F4A05290164140091AF94 /* CoinRowView.swift */,
			);
			path = Views;
			sourceTree = "<group>";
		};
		89710C56290094ED0067FF66 /* ViewModels */ = {
			isa = PBXGroup;
			children = (
				893F4A0B2901748E0091AF94 /* HomeViewModel.swift */,
			);
			path = ViewModels;
			sourceTree = "<group>";
		};
		89710C59290096AC0067FF66 /* Components */ = {
			isa = PBXGroup;
			children = (
				89710C5A290096C60067FF66 /* CircleButton */,
			);
			path = Components;
			sourceTree = "<group>";
		};
		89710C5A290096C60067FF66 /* CircleButton */ = {
			isa = PBXGroup;
			children = (
				89710C5B290096D50067FF66 /* CircleButtonView.swift */,
				89710C5D29009AC20067FF66 /* CircleButtonAnimationView.swift */,
			);
			path = CircleButton;
			sourceTree = "<group>";
		};
/* End PBXGroup section */

/* Begin PBXNativeTarget section */
		89710C3E29008D1B0067FF66 /* CryptoCoin */ = {
			isa = PBXNativeTarget;
			buildConfigurationList = 89710C4D29008D1B0067FF66 /* Build configuration list for PBXNativeTarget "CryptoCoin" */;
			buildPhases = (
				89710C3B29008D1B0067FF66 /* Sources */,
				89710C3C29008D1B0067FF66 /* Frameworks */,
				89710C3D29008D1B0067FF66 /* Resources */,
			);
			buildRules = (
			);
			dependencies = (
			);
			name = CryptoCoin;
			productName = CryptoCoin;
			productReference = 89710C3F29008D1B0067FF66 /* CryptoCoin.app */;
			productType = "com.apple.product-type.application";
		};
/* End PBXNativeTarget section */

/* Begin PBXProject section */
		89710C3729008D1A0067FF66 /* Project object */ = {
			isa = PBXProject;
			attributes = {
				BuildIndependentTargetsInParallel = 1;
				LastSwiftUpdateCheck = 1320;
				LastUpgradeCheck = 1320;
				TargetAttributes = {
					89710C3E29008D1B0067FF66 = {
						CreatedOnToolsVersion = 13.2.1;
					};
				};
			};
			buildConfigurationList = 89710C3A29008D1A0067FF66 /* Build configuration list for PBXProject "CryptoCoin" */;
			compatibilityVersion = "Xcode 13.0";
			developmentRegion = en;
			hasScannedForEncodings = 0;
			knownRegions = (
				en,
				Base,
			);
			mainGroup = 89710C3629008D1A0067FF66;
			productRefGroup = 89710C4029008D1B0067FF66 /* Products */;
			projectDirPath = "";
			projectRoot = "";
			targets = (
				89710C3E29008D1B0067FF66 /* CryptoCoin */,
			);
		};
/* End PBXProject section */

/* Begin PBXResourcesBuildPhase section */
		89710C3D29008D1B0067FF66 /* Resources */ = {
			isa = PBXResourcesBuildPhase;
			buildActionMask = 2147483647;
			files = (
				89710C4A29008D1B0067FF66 /* Preview Assets.xcassets in Resources */,
				89710C4729008D1B0067FF66 /* Assets.xcassets in Resources */,
			);
			runOnlyForDeploymentPostprocessing = 0;
		};
/* End PBXResourcesBuildPhase section */

/* Begin PBXSourcesBuildPhase section */
		89710C3B29008D1B0067FF66 /* Sources */ = {
			isa = PBXSourcesBuildPhase;
			buildActionMask = 2147483647;
			files = (
				893F4A0F29017CB30091AF94 /* CoinDataService.swift in Sources */,
				893F4A06290164140091AF94 /* CoinRowView.swift in Sources */,
				893F4A0C2901748E0091AF94 /* HomeViewModel.swift in Sources */,
				89710C4529008D1B0067FF66 /* ContentView.swift in Sources */,
				89710C58290094FB0067FF66 /* HomeView.swift in Sources */,
				89710C4329008D1B0067FF66 /* CryptoCoinApp.swift in Sources */,
				89710C5C290096D50067FF66 /* CircleButtonView.swift in Sources */,
				89710C5229008FE90067FF66 /* Color.swift in Sources */,
				893F4A122901924F0091AF94 /* NetworkingManager.swift in Sources */,
				89710C5E29009AC20067FF66 /* CircleButtonAnimationView.swift in Sources */,
				893F4A082901649A0091AF94 /* PreviewProvider.swift in Sources */,
				893F4A0A290167550091AF94 /* Double.swift in Sources */,
				893F4A04290158B40091AF94 /* CoinModel.swift in Sources */,
			);
			runOnlyForDeploymentPostprocessing = 0;
		};
/* End PBXSourcesBuildPhase section */

/* Begin XCBuildConfiguration section */
		89710C4B29008D1B0067FF66 /* Debug */ = {
			isa = XCBuildConfiguration;
			buildSettings = {
				ALWAYS_SEARCH_USER_PATHS = NO;
				CLANG_ANALYZER_NONNULL = YES;
				CLANG_ANALYZER_NUMBER_OBJECT_CONVERSION = YES_AGGRESSIVE;
				CLANG_CXX_LANGUAGE_STANDARD = "gnu++17";
				CLANG_CXX_LIBRARY = "libc++";
				CLANG_ENABLE_MODULES = YES;
				CLANG_ENABLE_OBJC_ARC = YES;
				CLANG_ENABLE_OBJC_WEAK = YES;
				CLANG_WARN_BLOCK_CAPTURE_AUTORELEASING = YES;
				CLANG_WARN_BOOL_CONVERSION = YES;
				CLANG_WARN_COMMA = YES;
				CLANG_WARN_CONSTANT_CONVERSION = YES;
				CLANG_WARN_DEPRECATED_OBJC_IMPLEMENTATIONS = YES;
				CLANG_WARN_DIRECT_OBJC_ISA_USAGE = YES_ERROR;
				CLANG_WARN_DOCUMENTATION_COMMENTS = YES;
				CLANG_WARN_EMPTY_BODY = YES;
				CLANG_WARN_ENUM_CONVERSION = YES;
				CLANG_WARN_INFINITE_RECURSION = YES;
				CLANG_WARN_INT_CONVERSION = YES;
				CLANG_WARN_NON_LITERAL_NULL_CONVERSION = YES;
				CLANG_WARN_OBJC_IMPLICIT_RETAIN_SELF = YES;
				CLANG_WARN_OBJC_LITERAL_CONVERSION = YES;
				CLANG_WARN_OBJC_ROOT_CLASS = YES_ERROR;
				CLANG_WARN_QUOTED_INCLUDE_IN_FRAMEWORK_HEADER = YES;
				CLANG_WARN_RANGE_LOOP_ANALYSIS = YES;
				CLANG_WARN_STRICT_PROTOTYPES = YES;
				CLANG_WARN_SUSPICIOUS_MOVE = YES;
				CLANG_WARN_UNGUARDED_AVAILABILITY = YES_AGGRESSIVE;
				CLANG_WARN_UNREACHABLE_CODE = YES;
				CLANG_WARN__DUPLICATE_METHOD_MATCH = YES;
				COPY_PHASE_STRIP = NO;
				DEBUG_INFORMATION_FORMAT = dwarf;
				ENABLE_STRICT_OBJC_MSGSEND = YES;
				ENABLE_TESTABILITY = YES;
				GCC_C_LANGUAGE_STANDARD = gnu11;
				GCC_DYNAMIC_NO_PIC = NO;
				GCC_NO_COMMON_BLOCKS = YES;
				GCC_OPTIMIZATION_LEVEL = 0;
				GCC_PREPROCESSOR_DEFINITIONS = (
					"DEBUG=1",
					"$(inherited)",
				);
				GCC_WARN_64_TO_32_BIT_CONVERSION = YES;
				GCC_WARN_ABOUT_RETURN_TYPE = YES_ERROR;
				GCC_WARN_UNDECLARED_SELECTOR = YES;
				GCC_WARN_UNINITIALIZED_AUTOS = YES_AGGRESSIVE;
				GCC_WARN_UNUSED_FUNCTION = YES;
				GCC_WARN_UNUSED_VARIABLE = YES;
				IPHONEOS_DEPLOYMENT_TARGET = 15.2;
				MTL_ENABLE_DEBUG_INFO = INCLUDE_SOURCE;
				MTL_FAST_MATH = YES;
				ONLY_ACTIVE_ARCH = YES;
				SDKROOT = iphoneos;
				SWIFT_ACTIVE_COMPILATION_CONDITIONS = DEBUG;
				SWIFT_OPTIMIZATION_LEVEL = "-Onone";
			};
			name = Debug;
		};
		89710C4C29008D1B0067FF66 /* Release */ = {
			isa = XCBuildConfiguration;
			buildSettings = {
				ALWAYS_SEARCH_USER_PATHS = NO;
				CLANG_ANALYZER_NONNULL = YES;
				CLANG_ANALYZER_NUMBER_OBJECT_CONVERSION = YES_AGGRESSIVE;
				CLANG_CXX_LANGUAGE_STANDARD = "gnu++17";
				CLANG_CXX_LIBRARY = "libc++";
				CLANG_ENABLE_MODULES = YES;
				CLANG_ENABLE_OBJC_ARC = YES;
				CLANG_ENABLE_OBJC_WEAK = YES;
				CLANG_WARN_BLOCK_CAPTURE_AUTORELEASING = YES;
				CLANG_WARN_BOOL_CONVERSION = YES;
				CLANG_WARN_COMMA = YES;
				CLANG_WARN_CONSTANT_CONVERSION = YES;
				CLANG_WARN_DEPRECATED_OBJC_IMPLEMENTATIONS = YES;
				CLANG_WARN_DIRECT_OBJC_ISA_USAGE = YES_ERROR;
				CLANG_WARN_DOCUMENTATION_COMMENTS = YES;
				CLANG_WARN_EMPTY_BODY = YES;
				CLANG_WARN_ENUM_CONVERSION = YES;
				CLANG_WARN_INFINITE_RECURSION = YES;
				CLANG_WARN_INT_CONVERSION = YES;
				CLANG_WARN_NON_LITERAL_NULL_CONVERSION = YES;
				CLANG_WARN_OBJC_IMPLICIT_RETAIN_SELF = YES;
				CLANG_WARN_OBJC_LITERAL_CONVERSION = YES;
				CLANG_WARN_OBJC_ROOT_CLASS = YES_ERROR;
				CLANG_WARN_QUOTED_INCLUDE_IN_FRAMEWORK_HEADER = YES;
				CLANG_WARN_RANGE_LOOP_ANALYSIS = YES;
				CLANG_WARN_STRICT_PROTOTYPES = YES;
				CLANG_WARN_SUSPICIOUS_MOVE = YES;
				CLANG_WARN_UNGUARDED_AVAILABILITY = YES_AGGRESSIVE;
				CLANG_WARN_UNREACHABLE_CODE = YES;
				CLANG_WARN__DUPLICATE_METHOD_MATCH = YES;
				COPY_PHASE_STRIP = NO;
				DEBUG_INFORMATION_FORMAT = "dwarf-with-dsym";
				ENABLE_NS_ASSERTIONS = NO;
				ENABLE_STRICT_OBJC_MSGSEND = YES;
				GCC_C_LANGUAGE_STANDARD = gnu11;
				GCC_NO_COMMON_BLOCKS = YES;
				GCC_WARN_64_TO_32_BIT_CONVERSION = YES;
				GCC_WARN_ABOUT_RETURN_TYPE = YES_ERROR;
				GCC_WARN_UNDECLARED_SELECTOR = YES;
				GCC_WARN_UNINITIALIZED_AUTOS = YES_AGGRESSIVE;
				GCC_WARN_UNUSED_FUNCTION = YES;
				GCC_WARN_UNUSED_VARIABLE = YES;
				IPHONEOS_DEPLOYMENT_TARGET = 15.2;
				MTL_ENABLE_DEBUG_INFO = NO;
				MTL_FAST_MATH = YES;
				SDKROOT = iphoneos;
				SWIFT_COMPILATION_MODE = wholemodule;
				SWIFT_OPTIMIZATION_LEVEL = "-O";
				VALIDATE_PRODUCT = YES;
			};
			name = Release;
		};
		89710C4E29008D1B0067FF66 /* Debug */ = {
			isa = XCBuildConfiguration;
			buildSettings = {
				ASSETCATALOG_COMPILER_APPICON_NAME = AppIcon;
				ASSETCATALOG_COMPILER_GLOBAL_ACCENT_COLOR_NAME = AccentColor;
				CODE_SIGN_STYLE = Automatic;
				CURRENT_PROJECT_VERSION = 1;
				DEVELOPMENT_ASSET_PATHS = "\"CryptoCoin/Preview Content\"";
				ENABLE_PREVIEWS = YES;
				GENERATE_INFOPLIST_FILE = YES;
				INFOPLIST_KEY_UIApplicationSceneManifest_Generation = YES;
				INFOPLIST_KEY_UIApplicationSupportsIndirectInputEvents = YES;
				INFOPLIST_KEY_UILaunchScreen_Generation = YES;
				INFOPLIST_KEY_UISupportedInterfaceOrientations_iPad = "UIInterfaceOrientationPortrait UIInterfaceOrientationPortraitUpsideDown UIInterfaceOrientationLandscapeLeft UIInterfaceOrientationLandscapeRight";
				INFOPLIST_KEY_UISupportedInterfaceOrientations_iPhone = "UIInterfaceOrientationPortrait UIInterfaceOrientationLandscapeLeft UIInterfaceOrientationLandscapeRight";
				LD_RUNPATH_SEARCH_PATHS = (
					"$(inherited)",
					"@executable_path/Frameworks",
				);
				MARKETING_VERSION = 1.0;
				PRODUCT_BUNDLE_IDENTIFIER = mbayi.CryptoCoin;
				PRODUCT_NAME = "$(TARGET_NAME)";
				SWIFT_EMIT_LOC_STRINGS = YES;
				SWIFT_VERSION = 5.0;
				TARGETED_DEVICE_FAMILY = "1,2";
			};
			name = Debug;
		};
		89710C4F29008D1B0067FF66 /* Release */ = {
			isa = XCBuildConfiguration;
			buildSettings = {
				ASSETCATALOG_COMPILER_APPICON_NAME = AppIcon;
				ASSETCATALOG_COMPILER_GLOBAL_ACCENT_COLOR_NAME = AccentColor;
				CODE_SIGN_STYLE = Automatic;
				CURRENT_PROJECT_VERSION = 1;
				DEVELOPMENT_ASSET_PATHS = "\"CryptoCoin/Preview Content\"";
				ENABLE_PREVIEWS = YES;
				GENERATE_INFOPLIST_FILE = YES;
				INFOPLIST_KEY_UIApplicationSceneManifest_Generation = YES;
				INFOPLIST_KEY_UIApplicationSupportsIndirectInputEvents = YES;
				INFOPLIST_KEY_UILaunchScreen_Generation = YES;
				INFOPLIST_KEY_UISupportedInterfaceOrientations_iPad = "UIInterfaceOrientationPortrait UIInterfaceOrientationPortraitUpsideDown UIInterfaceOrientationLandscapeLeft UIInterfaceOrientationLandscapeRight";
				INFOPLIST_KEY_UISupportedInterfaceOrientations_iPhone = "UIInterfaceOrientationPortrait UIInterfaceOrientationLandscapeLeft UIInterfaceOrientationLandscapeRight";
				LD_RUNPATH_SEARCH_PATHS = (
					"$(inherited)",
					"@executable_path/Frameworks",
				);
				MARKETING_VERSION = 1.0;
				PRODUCT_BUNDLE_IDENTIFIER = mbayi.CryptoCoin;
				PRODUCT_NAME = "$(TARGET_NAME)";
				SWIFT_EMIT_LOC_STRINGS = YES;
				SWIFT_VERSION = 5.0;
				TARGETED_DEVICE_FAMILY = "1,2";
			};
			name = Release;
		};
/* End XCBuildConfiguration section */

/* Begin XCConfigurationList section */
		89710C3A29008D1A0067FF66 /* Build configuration list for PBXProject "CryptoCoin" */ = {
			isa = XCConfigurationList;
			buildConfigurations = (
				89710C4B29008D1B0067FF66 /* Debug */,
				89710C4C29008D1B0067FF66 /* Release */,
			);
			defaultConfigurationIsVisible = 0;
			defaultConfigurationName = Release;
		};
		89710C4D29008D1B0067FF66 /* Build configuration list for PBXNativeTarget "CryptoCoin" */ = {
			isa = XCConfigurationList;
			buildConfigurations = (
				89710C4E29008D1B0067FF66 /* Debug */,
				89710C4F29008D1B0067FF66 /* Release */,
			);
			defaultConfigurationIsVisible = 0;
			defaultConfigurationName = Release;
		};
/* End XCConfigurationList section */
	};
	rootObject = 89710C3729008D1A0067FF66 /* Project object */;
}
